// !$*UTF8*$!
{
	archiveVersion = 1;
	classes = {
	};
	objectVersion = 56;
	objects = {

/* Begin PBXBuildFile section */
		72F389172B94DAD5009E8B75 /* AppDelegate.swift in Sources */ = {isa = PBXBuildFile; fileRef = 72F389162B94DAD5009E8B75 /* AppDelegate.swift */; };
		72F389192B94DAD5009E8B75 /* SceneDelegate.swift in Sources */ = {isa = PBXBuildFile; fileRef = 72F389182B94DAD5009E8B75 /* SceneDelegate.swift */; };
		72F3891B2B94DAD5009E8B75 /* NewsViewController.swift in Sources */ = {isa = PBXBuildFile; fileRef = 72F3891A2B94DAD5009E8B75 /* NewsViewController.swift */; };
		72F389202B94DAD8009E8B75 /* Assets.xcassets in Resources */ = {isa = PBXBuildFile; fileRef = 72F3891F2B94DAD8009E8B75 /* Assets.xcassets */; };
		72F389232B94DAD8009E8B75 /* LaunchScreen.storyboard in Resources */ = {isa = PBXBuildFile; fileRef = 72F389212B94DAD8009E8B75 /* LaunchScreen.storyboard */; };
		72F3892E2B94DAD8009E8B75 /* AutoDocTestTests.swift in Sources */ = {isa = PBXBuildFile; fileRef = 72F3892D2B94DAD8009E8B75 /* AutoDocTestTests.swift */; };
		72F389382B94DAD8009E8B75 /* AutoDocTestUITests.swift in Sources */ = {isa = PBXBuildFile; fileRef = 72F389372B94DAD8009E8B75 /* AutoDocTestUITests.swift */; };
		72F3893A2B94DAD8009E8B75 /* AutoDocTestUITestsLaunchTests.swift in Sources */ = {isa = PBXBuildFile; fileRef = 72F389392B94DAD8009E8B75 /* AutoDocTestUITestsLaunchTests.swift */; };
		72F389482B94DC90009E8B75 /* NewsViewModel.swift in Sources */ = {isa = PBXBuildFile; fileRef = 72F389472B94DC90009E8B75 /* NewsViewModel.swift */; };
		72F3894C2B94DCF3009E8B75 /* NewsCollectionViewCell.swift in Sources */ = {isa = PBXBuildFile; fileRef = 72F3894B2B94DCF3009E8B75 /* NewsCollectionViewCell.swift */; };
		72F3894E2B94DD4D009E8B75 /* NewsContentView.swift in Sources */ = {isa = PBXBuildFile; fileRef = 72F3894D2B94DD4D009E8B75 /* NewsContentView.swift */; };
		72F389502B94DD5E009E8B75 /* NewsContentConfiguration.swift in Sources */ = {isa = PBXBuildFile; fileRef = 72F3894F2B94DD5E009E8B75 /* NewsContentConfiguration.swift */; };
		72F389522B94DE05009E8B75 /* NewsModel.swift in Sources */ = {isa = PBXBuildFile; fileRef = 72F389512B94DE05009E8B75 /* NewsModel.swift */; };
		72F389542B94DE17009E8B75 /* NewsAPIManager.swift in Sources */ = {isa = PBXBuildFile; fileRef = 72F389532B94DE17009E8B75 /* NewsAPIManager.swift */; };
		72F389562B94DFD9009E8B75 /* NewsDTO.swift in Sources */ = {isa = PBXBuildFile; fileRef = 72F389552B94DFD9009E8B75 /* NewsDTO.swift */; };
/* End PBXBuildFile section */

/* Begin PBXContainerItemProxy section */
		72F3892A2B94DAD8009E8B75 /* PBXContainerItemProxy */ = {
			isa = PBXContainerItemProxy;
			containerPortal = 72F3890B2B94DAD5009E8B75 /* Project object */;
			proxyType = 1;
			remoteGlobalIDString = 72F389122B94DAD5009E8B75;
			remoteInfo = AutoDocTest;
		};
		72F389342B94DAD8009E8B75 /* PBXContainerItemProxy */ = {
			isa = PBXContainerItemProxy;
			containerPortal = 72F3890B2B94DAD5009E8B75 /* Project object */;
			proxyType = 1;
			remoteGlobalIDString = 72F389122B94DAD5009E8B75;
			remoteInfo = AutoDocTest;
		};
/* End PBXContainerItemProxy section */

/* Begin PBXFileReference section */
		72F389132B94DAD5009E8B75 /* AutoDocTest.app */ = {isa = PBXFileReference; explicitFileType = wrapper.application; includeInIndex = 0; path = AutoDocTest.app; sourceTree = BUILT_PRODUCTS_DIR; };
		72F389162B94DAD5009E8B75 /* AppDelegate.swift */ = {isa = PBXFileReference; lastKnownFileType = sourcecode.swift; path = AppDelegate.swift; sourceTree = "<group>"; };
		72F389182B94DAD5009E8B75 /* SceneDelegate.swift */ = {isa = PBXFileReference; lastKnownFileType = sourcecode.swift; path = SceneDelegate.swift; sourceTree = "<group>"; };
		72F3891A2B94DAD5009E8B75 /* NewsViewController.swift */ = {isa = PBXFileReference; lastKnownFileType = sourcecode.swift; path = NewsViewController.swift; sourceTree = "<group>"; };
		72F3891F2B94DAD8009E8B75 /* Assets.xcassets */ = {isa = PBXFileReference; lastKnownFileType = folder.assetcatalog; path = Assets.xcassets; sourceTree = "<group>"; };
		72F389222B94DAD8009E8B75 /* Base */ = {isa = PBXFileReference; lastKnownFileType = file.storyboard; name = Base; path = Base.lproj/LaunchScreen.storyboard; sourceTree = "<group>"; };
		72F389242B94DAD8009E8B75 /* Info.plist */ = {isa = PBXFileReference; lastKnownFileType = text.plist.xml; path = Info.plist; sourceTree = "<group>"; };
		72F389292B94DAD8009E8B75 /* AutoDocTestTests.xctest */ = {isa = PBXFileReference; explicitFileType = wrapper.cfbundle; includeInIndex = 0; path = AutoDocTestTests.xctest; sourceTree = BUILT_PRODUCTS_DIR; };
		72F3892D2B94DAD8009E8B75 /* AutoDocTestTests.swift */ = {isa = PBXFileReference; lastKnownFileType = sourcecode.swift; path = AutoDocTestTests.swift; sourceTree = "<group>"; };
		72F389332B94DAD8009E8B75 /* AutoDocTestUITests.xctest */ = {isa = PBXFileReference; explicitFileType = wrapper.cfbundle; includeInIndex = 0; path = AutoDocTestUITests.xctest; sourceTree = BUILT_PRODUCTS_DIR; };
		72F389372B94DAD8009E8B75 /* AutoDocTestUITests.swift */ = {isa = PBXFileReference; lastKnownFileType = sourcecode.swift; path = AutoDocTestUITests.swift; sourceTree = "<group>"; };
		72F389392B94DAD8009E8B75 /* AutoDocTestUITestsLaunchTests.swift */ = {isa = PBXFileReference; lastKnownFileType = sourcecode.swift; path = AutoDocTestUITestsLaunchTests.swift; sourceTree = "<group>"; };
		72F389472B94DC90009E8B75 /* NewsViewModel.swift */ = {isa = PBXFileReference; lastKnownFileType = sourcecode.swift; path = NewsViewModel.swift; sourceTree = "<group>"; };
		72F3894B2B94DCF3009E8B75 /* NewsCollectionViewCell.swift */ = {isa = PBXFileReference; lastKnownFileType = sourcecode.swift; path = NewsCollectionViewCell.swift; sourceTree = "<group>"; };
		72F3894D2B94DD4D009E8B75 /* NewsContentView.swift */ = {isa = PBXFileReference; lastKnownFileType = sourcecode.swift; path = NewsContentView.swift; sourceTree = "<group>"; };
		72F3894F2B94DD5E009E8B75 /* NewsContentConfiguration.swift */ = {isa = PBXFileReference; lastKnownFileType = sourcecode.swift; path = NewsContentConfiguration.swift; sourceTree = "<group>"; };
		72F389512B94DE05009E8B75 /* NewsModel.swift */ = {isa = PBXFileReference; lastKnownFileType = sourcecode.swift; path = NewsModel.swift; sourceTree = "<group>"; };
		72F389532B94DE17009E8B75 /* NewsAPIManager.swift */ = {isa = PBXFileReference; lastKnownFileType = sourcecode.swift; path = NewsAPIManager.swift; sourceTree = "<group>"; };
		72F389552B94DFD9009E8B75 /* NewsDTO.swift */ = {isa = PBXFileReference; lastKnownFileType = sourcecode.swift; path = NewsDTO.swift; sourceTree = "<group>"; };
/* End PBXFileReference section */

/* Begin PBXFrameworksBuildPhase section */
		72F389102B94DAD5009E8B75 /* Frameworks */ = {
			isa = PBXFrameworksBuildPhase;
			buildActionMask = 2147483647;
			files = (
			);
			runOnlyForDeploymentPostprocessing = 0;
		};
		72F389262B94DAD8009E8B75 /* Frameworks */ = {
			isa = PBXFrameworksBuildPhase;
			buildActionMask = 2147483647;
			files = (
			);
			runOnlyForDeploymentPostprocessing = 0;
		};
		72F389302B94DAD8009E8B75 /* Frameworks */ = {
			isa = PBXFrameworksBuildPhase;
			buildActionMask = 2147483647;
			files = (
			);
			runOnlyForDeploymentPostprocessing = 0;
		};
/* End PBXFrameworksBuildPhase section */

/* Begin PBXGroup section */
		72F3890A2B94DAD5009E8B75 = {
			isa = PBXGroup;
			children = (
				72F389152B94DAD5009E8B75 /* AutoDocTest */,
				72F3892C2B94DAD8009E8B75 /* AutoDocTestTests */,
				72F389362B94DAD8009E8B75 /* AutoDocTestUITests */,
				72F389142B94DAD5009E8B75 /* Products */,
			);
			sourceTree = "<group>";
		};
		72F389142B94DAD5009E8B75 /* Products */ = {
			isa = PBXGroup;
			children = (
				72F389132B94DAD5009E8B75 /* AutoDocTest.app */,
				72F389292B94DAD8009E8B75 /* AutoDocTestTests.xctest */,
				72F389332B94DAD8009E8B75 /* AutoDocTestUITests.xctest */,
			);
			name = Products;
			sourceTree = "<group>";
		};
		72F389152B94DAD5009E8B75 /* AutoDocTest */ = {
			isa = PBXGroup;
			children = (
				72F389462B94DC7B009E8B75 /* MainScene */,
				72F389162B94DAD5009E8B75 /* AppDelegate.swift */,
				72F389182B94DAD5009E8B75 /* SceneDelegate.swift */,
				72F3891F2B94DAD8009E8B75 /* Assets.xcassets */,
				72F389212B94DAD8009E8B75 /* LaunchScreen.storyboard */,
				72F389242B94DAD8009E8B75 /* Info.plist */,
			);
			path = AutoDocTest;
			sourceTree = "<group>";
		};
		72F3892C2B94DAD8009E8B75 /* AutoDocTestTests */ = {
			isa = PBXGroup;
			children = (
				72F3892D2B94DAD8009E8B75 /* AutoDocTestTests.swift */,
			);
			path = AutoDocTestTests;
			sourceTree = "<group>";
		};
		72F389362B94DAD8009E8B75 /* AutoDocTestUITests */ = {
			isa = PBXGroup;
			children = (
				72F389372B94DAD8009E8B75 /* AutoDocTestUITests.swift */,
				72F389392B94DAD8009E8B75 /* AutoDocTestUITestsLaunchTests.swift */,
			);
			path = AutoDocTestUITests;
			sourceTree = "<group>";
		};
		72F389462B94DC7B009E8B75 /* MainScene */ = {
			isa = PBXGroup;
			children = (
				72F3894A2B94DCE0009E8B75 /* API */,
				72F389492B94DCD5009E8B75 /* CollectionView */,
				72F3891A2B94DAD5009E8B75 /* NewsViewController.swift */,
				72F389472B94DC90009E8B75 /* NewsViewModel.swift */,
				72F389512B94DE05009E8B75 /* NewsModel.swift */,
			);
			path = MainScene;
			sourceTree = "<group>";
		};
		72F389492B94DCD5009E8B75 /* CollectionView */ = {
			isa = PBXGroup;
			children = (
				72F3894B2B94DCF3009E8B75 /* NewsCollectionViewCell.swift */,
				72F3894D2B94DD4D009E8B75 /* NewsContentView.swift */,
				72F3894F2B94DD5E009E8B75 /* NewsContentConfiguration.swift */,
			);
			path = CollectionView;
			sourceTree = "<group>";
		};
		72F3894A2B94DCE0009E8B75 /* API */ = {
			isa = PBXGroup;
			children = (
				72F389532B94DE17009E8B75 /* NewsAPIManager.swift */,
				72F389552B94DFD9009E8B75 /* NewsDTO.swift */,
			);
			path = API;
			sourceTree = "<group>";
		};
/* End PBXGroup section */

/* Begin PBXNativeTarget section */
		72F389122B94DAD5009E8B75 /* AutoDocTest */ = {
			isa = PBXNativeTarget;
			buildConfigurationList = 72F3893D2B94DAD8009E8B75 /* Build configuration list for PBXNativeTarget "AutoDocTest" */;
			buildPhases = (
				72F3890F2B94DAD5009E8B75 /* Sources */,
				72F389102B94DAD5009E8B75 /* Frameworks */,
				72F389112B94DAD5009E8B75 /* Resources */,
			);
			buildRules = (
			);
			dependencies = (
			);
			name = AutoDocTest;
			productName = AutoDocTest;
			productReference = 72F389132B94DAD5009E8B75 /* AutoDocTest.app */;
			productType = "com.apple.product-type.application";
		};
		72F389282B94DAD8009E8B75 /* AutoDocTestTests */ = {
			isa = PBXNativeTarget;
			buildConfigurationList = 72F389402B94DAD8009E8B75 /* Build configuration list for PBXNativeTarget "AutoDocTestTests" */;
			buildPhases = (
				72F389252B94DAD8009E8B75 /* Sources */,
				72F389262B94DAD8009E8B75 /* Frameworks */,
				72F389272B94DAD8009E8B75 /* Resources */,
			);
			buildRules = (
			);
			dependencies = (
				72F3892B2B94DAD8009E8B75 /* PBXTargetDependency */,
			);
			name = AutoDocTestTests;
			productName = AutoDocTestTests;
			productReference = 72F389292B94DAD8009E8B75 /* AutoDocTestTests.xctest */;
			productType = "com.apple.product-type.bundle.unit-test";
		};
		72F389322B94DAD8009E8B75 /* AutoDocTestUITests */ = {
			isa = PBXNativeTarget;
			buildConfigurationList = 72F389432B94DAD8009E8B75 /* Build configuration list for PBXNativeTarget "AutoDocTestUITests" */;
			buildPhases = (
				72F3892F2B94DAD8009E8B75 /* Sources */,
				72F389302B94DAD8009E8B75 /* Frameworks */,
				72F389312B94DAD8009E8B75 /* Resources */,
			);
			buildRules = (
			);
			dependencies = (
				72F389352B94DAD8009E8B75 /* PBXTargetDependency */,
			);
			name = AutoDocTestUITests;
			productName = AutoDocTestUITests;
			productReference = 72F389332B94DAD8009E8B75 /* AutoDocTestUITests.xctest */;
			productType = "com.apple.product-type.bundle.ui-testing";
		};
/* End PBXNativeTarget section */

/* Begin PBXProject section */
		72F3890B2B94DAD5009E8B75 /* Project object */ = {
			isa = PBXProject;
			attributes = {
				BuildIndependentTargetsInParallel = 1;
				LastSwiftUpdateCheck = 1520;
				LastUpgradeCheck = 1520;
				TargetAttributes = {
					72F389122B94DAD5009E8B75 = {
						CreatedOnToolsVersion = 15.2;
					};
					72F389282B94DAD8009E8B75 = {
						CreatedOnToolsVersion = 15.2;
						TestTargetID = 72F389122B94DAD5009E8B75;
					};
					72F389322B94DAD8009E8B75 = {
						CreatedOnToolsVersion = 15.2;
						TestTargetID = 72F389122B94DAD5009E8B75;
					};
				};
			};
			buildConfigurationList = 72F3890E2B94DAD5009E8B75 /* Build configuration list for PBXProject "AutoDocTest" */;
			compatibilityVersion = "Xcode 14.0";
			developmentRegion = en;
			hasScannedForEncodings = 0;
			knownRegions = (
				en,
				Base,
			);
			mainGroup = 72F3890A2B94DAD5009E8B75;
			productRefGroup = 72F389142B94DAD5009E8B75 /* Products */;
			projectDirPath = "";
			projectRoot = "";
			targets = (
				72F389122B94DAD5009E8B75 /* AutoDocTest */,
				72F389282B94DAD8009E8B75 /* AutoDocTestTests */,
				72F389322B94DAD8009E8B75 /* AutoDocTestUITests */,
			);
		};
/* End PBXProject section */

/* Begin PBXResourcesBuildPhase section */
		72F389112B94DAD5009E8B75 /* Resources */ = {
			isa = PBXResourcesBuildPhase;
			buildActionMask = 2147483647;
			files = (
				72F389232B94DAD8009E8B75 /* LaunchScreen.storyboard in Resources */,
				72F389202B94DAD8009E8B75 /* Assets.xcassets in Resources */,
			);
			runOnlyForDeploymentPostprocessing = 0;
		};
		72F389272B94DAD8009E8B75 /* Resources */ = {
			isa = PBXResourcesBuildPhase;
			buildActionMask = 2147483647;
			files = (
			);
			runOnlyForDeploymentPostprocessing = 0;
		};
		72F389312B94DAD8009E8B75 /* Resources */ = {
			isa = PBXResourcesBuildPhase;
			buildActionMask = 2147483647;
			files = (
			);
			runOnlyForDeploymentPostprocessing = 0;
		};
/* End PBXResourcesBuildPhase section */

/* Begin PBXSourcesBuildPhase section */
		72F3890F2B94DAD5009E8B75 /* Sources */ = {
			isa = PBXSourcesBuildPhase;
			buildActionMask = 2147483647;
			files = (
				72F389522B94DE05009E8B75 /* NewsModel.swift in Sources */,
				72F3891B2B94DAD5009E8B75 /* NewsViewController.swift in Sources */,
				72F3894E2B94DD4D009E8B75 /* NewsContentView.swift in Sources */,
				72F389542B94DE17009E8B75 /* NewsAPIManager.swift in Sources */,
				72F389172B94DAD5009E8B75 /* AppDelegate.swift in Sources */,
				72F389192B94DAD5009E8B75 /* SceneDelegate.swift in Sources */,
				72F389482B94DC90009E8B75 /* NewsViewModel.swift in Sources */,
				72F389502B94DD5E009E8B75 /* NewsContentConfiguration.swift in Sources */,
				72F389562B94DFD9009E8B75 /* NewsDTO.swift in Sources */,
				72F3894C2B94DCF3009E8B75 /* NewsCollectionViewCell.swift in Sources */,
			);
			runOnlyForDeploymentPostprocessing = 0;
		};
		72F389252B94DAD8009E8B75 /* Sources */ = {
			isa = PBXSourcesBuildPhase;
			buildActionMask = 2147483647;
			files = (
				72F3892E2B94DAD8009E8B75 /* AutoDocTestTests.swift in Sources */,
			);
			runOnlyForDeploymentPostprocessing = 0;
		};
		72F3892F2B94DAD8009E8B75 /* Sources */ = {
			isa = PBXSourcesBuildPhase;
			buildActionMask = 2147483647;
			files = (
				72F3893A2B94DAD8009E8B75 /* AutoDocTestUITestsLaunchTests.swift in Sources */,
				72F389382B94DAD8009E8B75 /* AutoDocTestUITests.swift in Sources */,
			);
			runOnlyForDeploymentPostprocessing = 0;
		};
/* End PBXSourcesBuildPhase section */

/* Begin PBXTargetDependency section */
		72F3892B2B94DAD8009E8B75 /* PBXTargetDependency */ = {
			isa = PBXTargetDependency;
			target = 72F389122B94DAD5009E8B75 /* AutoDocTest */;
			targetProxy = 72F3892A2B94DAD8009E8B75 /* PBXContainerItemProxy */;
		};
		72F389352B94DAD8009E8B75 /* PBXTargetDependency */ = {
			isa = PBXTargetDependency;
			target = 72F389122B94DAD5009E8B75 /* AutoDocTest */;
			targetProxy = 72F389342B94DAD8009E8B75 /* PBXContainerItemProxy */;
		};
/* End PBXTargetDependency section */

/* Begin PBXVariantGroup section */
		72F389212B94DAD8009E8B75 /* LaunchScreen.storyboard */ = {
			isa = PBXVariantGroup;
			children = (
				72F389222B94DAD8009E8B75 /* Base */,
			);
			name = LaunchScreen.storyboard;
			sourceTree = "<group>";
		};
/* End PBXVariantGroup section */

/* Begin XCBuildConfiguration section */
		72F3893B2B94DAD8009E8B75 /* Debug */ = {
			isa = XCBuildConfiguration;
			buildSettings = {
				ALWAYS_SEARCH_USER_PATHS = NO;
				ASSETCATALOG_COMPILER_GENERATE_SWIFT_ASSET_SYMBOL_EXTENSIONS = YES;
				CLANG_ANALYZER_NONNULL = YES;
				CLANG_ANALYZER_NUMBER_OBJECT_CONVERSION = YES_AGGRESSIVE;
				CLANG_CXX_LANGUAGE_STANDARD = "gnu++20";
				CLANG_ENABLE_MODULES = YES;
				CLANG_ENABLE_OBJC_ARC = YES;
				CLANG_ENABLE_OBJC_WEAK = YES;
				CLANG_WARN_BLOCK_CAPTURE_AUTORELEASING = YES;
				CLANG_WARN_BOOL_CONVERSION = YES;
				CLANG_WARN_COMMA = YES;
				CLANG_WARN_CONSTANT_CONVERSION = YES;
				CLANG_WARN_DEPRECATED_OBJC_IMPLEMENTATIONS = YES;
				CLANG_WARN_DIRECT_OBJC_ISA_USAGE = YES_ERROR;
				CLANG_WARN_DOCUMENTATION_COMMENTS = YES;
				CLANG_WARN_EMPTY_BODY = YES;
				CLANG_WARN_ENUM_CONVERSION = YES;
				CLANG_WARN_INFINITE_RECURSION = YES;
				CLANG_WARN_INT_CONVERSION = YES;
				CLANG_WARN_NON_LITERAL_NULL_CONVERSION = YES;
				CLANG_WARN_OBJC_IMPLICIT_RETAIN_SELF = YES;
				CLANG_WARN_OBJC_LITERAL_CONVERSION = YES;
				CLANG_WARN_OBJC_ROOT_CLASS = YES_ERROR;
				CLANG_WARN_QUOTED_INCLUDE_IN_FRAMEWORK_HEADER = YES;
				CLANG_WARN_RANGE_LOOP_ANALYSIS = YES;
				CLANG_WARN_STRICT_PROTOTYPES = YES;
				CLANG_WARN_SUSPICIOUS_MOVE = YES;
				CLANG_WARN_UNGUARDED_AVAILABILITY = YES_AGGRESSIVE;
				CLANG_WARN_UNREACHABLE_CODE = YES;
				CLANG_WARN__DUPLICATE_METHOD_MATCH = YES;
				COPY_PHASE_STRIP = NO;
				DEBUG_INFORMATION_FORMAT = dwarf;
				ENABLE_STRICT_OBJC_MSGSEND = YES;
				ENABLE_TESTABILITY = YES;
				ENABLE_USER_SCRIPT_SANDBOXING = YES;
				GCC_C_LANGUAGE_STANDARD = gnu17;
				GCC_DYNAMIC_NO_PIC = NO;
				GCC_NO_COMMON_BLOCKS = YES;
				GCC_OPTIMIZATION_LEVEL = 0;
				GCC_PREPROCESSOR_DEFINITIONS = (
					"DEBUG=1",
					"$(inherited)",
				);
				GCC_WARN_64_TO_32_BIT_CONVERSION = YES;
				GCC_WARN_ABOUT_RETURN_TYPE = YES_ERROR;
				GCC_WARN_UNDECLARED_SELECTOR = YES;
				GCC_WARN_UNINITIALIZED_AUTOS = YES_AGGRESSIVE;
				GCC_WARN_UNUSED_FUNCTION = YES;
				GCC_WARN_UNUSED_VARIABLE = YES;
				IPHONEOS_DEPLOYMENT_TARGET = 14.0;
				LOCALIZATION_PREFERS_STRING_CATALOGS = YES;
				MTL_ENABLE_DEBUG_INFO = INCLUDE_SOURCE;
				MTL_FAST_MATH = YES;
				ONLY_ACTIVE_ARCH = YES;
				SDKROOT = iphoneos;
				SWIFT_ACTIVE_COMPILATION_CONDITIONS = "DEBUG $(inherited)";
				SWIFT_OPTIMIZATION_LEVEL = "-Onone";
			};
			name = Debug;
		};
		72F3893C2B94DAD8009E8B75 /* Release */ = {
			isa = XCBuildConfiguration;
			buildSettings = {
				ALWAYS_SEARCH_USER_PATHS = NO;
				ASSETCATALOG_COMPILER_GENERATE_SWIFT_ASSET_SYMBOL_EXTENSIONS = YES;
				CLANG_ANALYZER_NONNULL = YES;
				CLANG_ANALYZER_NUMBER_OBJECT_CONVERSION = YES_AGGRESSIVE;
				CLANG_CXX_LANGUAGE_STANDARD = "gnu++20";
				CLANG_ENABLE_MODULES = YES;
				CLANG_ENABLE_OBJC_ARC = YES;
				CLANG_ENABLE_OBJC_WEAK = YES;
				CLANG_WARN_BLOCK_CAPTURE_AUTORELEASING = YES;
				CLANG_WARN_BOOL_CONVERSION = YES;
				CLANG_WARN_COMMA = YES;
				CLANG_WARN_CONSTANT_CONVERSION = YES;
				CLANG_WARN_DEPRECATED_OBJC_IMPLEMENTATIONS = YES;
				CLANG_WARN_DIRECT_OBJC_ISA_USAGE = YES_ERROR;
				CLANG_WARN_DOCUMENTATION_COMMENTS = YES;
				CLANG_WARN_EMPTY_BODY = YES;
				CLANG_WARN_ENUM_CONVERSION = YES;
				CLANG_WARN_INFINITE_RECURSION = YES;
				CLANG_WARN_INT_CONVERSION = YES;
				CLANG_WARN_NON_LITERAL_NULL_CONVERSION = YES;
				CLANG_WARN_OBJC_IMPLICIT_RETAIN_SELF = YES;
				CLANG_WARN_OBJC_LITERAL_CONVERSION = YES;
				CLANG_WARN_OBJC_ROOT_CLASS = YES_ERROR;
				CLANG_WARN_QUOTED_INCLUDE_IN_FRAMEWORK_HEADER = YES;
				CLANG_WARN_RANGE_LOOP_ANALYSIS = YES;
				CLANG_WARN_STRICT_PROTOTYPES = YES;
				CLANG_WARN_SUSPICIOUS_MOVE = YES;
				CLANG_WARN_UNGUARDED_AVAILABILITY = YES_AGGRESSIVE;
				CLANG_WARN_UNREACHABLE_CODE = YES;
				CLANG_WARN__DUPLICATE_METHOD_MATCH = YES;
				COPY_PHASE_STRIP = NO;
				DEBUG_INFORMATION_FORMAT = "dwarf-with-dsym";
				ENABLE_NS_ASSERTIONS = NO;
				ENABLE_STRICT_OBJC_MSGSEND = YES;
				ENABLE_USER_SCRIPT_SANDBOXING = YES;
				GCC_C_LANGUAGE_STANDARD = gnu17;
				GCC_NO_COMMON_BLOCKS = YES;
				GCC_WARN_64_TO_32_BIT_CONVERSION = YES;
				GCC_WARN_ABOUT_RETURN_TYPE = YES_ERROR;
				GCC_WARN_UNDECLARED_SELECTOR = YES;
				GCC_WARN_UNINITIALIZED_AUTOS = YES_AGGRESSIVE;
				GCC_WARN_UNUSED_FUNCTION = YES;
				GCC_WARN_UNUSED_VARIABLE = YES;
				IPHONEOS_DEPLOYMENT_TARGET = 14.0;
				LOCALIZATION_PREFERS_STRING_CATALOGS = YES;
				MTL_ENABLE_DEBUG_INFO = NO;
				MTL_FAST_MATH = YES;
				SDKROOT = iphoneos;
				SWIFT_COMPILATION_MODE = wholemodule;
				VALIDATE_PRODUCT = YES;
			};
			name = Release;
		};
		72F3893E2B94DAD8009E8B75 /* Debug */ = {
			isa = XCBuildConfiguration;
			buildSettings = {
				ASSETCATALOG_COMPILER_APPICON_NAME = AppIcon;
				ASSETCATALOG_COMPILER_GLOBAL_ACCENT_COLOR_NAME = AccentColor;
				CODE_SIGN_STYLE = Automatic;
				CURRENT_PROJECT_VERSION = 1;
				DEVELOPMENT_TEAM = P99KL2FGYB;
				GENERATE_INFOPLIST_FILE = YES;
				INFOPLIST_FILE = AutoDocTest/Info.plist;
				INFOPLIST_KEY_LSApplicationCategoryType = "";
				INFOPLIST_KEY_UIApplicationSupportsIndirectInputEvents = YES;
				INFOPLIST_KEY_UILaunchStoryboardName = LaunchScreen.storyboard;
				INFOPLIST_KEY_UISupportedInterfaceOrientations_iPad = "UIInterfaceOrientationPortrait UIInterfaceOrientationPortraitUpsideDown UIInterfaceOrientationLandscapeLeft UIInterfaceOrientationLandscapeRight";
				INFOPLIST_KEY_UISupportedInterfaceOrientations_iPhone = "UIInterfaceOrientationPortrait UIInterfaceOrientationLandscapeLeft UIInterfaceOrientationLandscapeRight";
				LD_RUNPATH_SEARCH_PATHS = (
					"$(inherited)",
					"@executable_path/Frameworks",
				);
				MARKETING_VERSION = 1.0;
				PRODUCT_BUNDLE_IDENTIFIER = shpeklord.AutoDocTest;
				PRODUCT_NAME = "$(TARGET_NAME)";
				SWIFT_EMIT_LOC_STRINGS = YES;
				SWIFT_VERSION = 5.0;
				TARGETED_DEVICE_FAMILY = "1,2";
			};
			name = Debug;
		};
		72F3893F2B94DAD8009E8B75 /* Release */ = {
			isa = XCBuildConfiguration;
			buildSettings = {
				ASSETCATALOG_COMPILER_APPICON_NAME = AppIcon;
				ASSETCATALOG_COMPILER_GLOBAL_ACCENT_COLOR_NAME = AccentColor;
				CODE_SIGN_STYLE = Automatic;
				CURRENT_PROJECT_VERSION = 1;
				DEVELOPMENT_TEAM = P99KL2FGYB;
				GENERATE_INFOPLIST_FILE = YES;
				INFOPLIST_FILE = AutoDocTest/Info.plist;
				INFOPLIST_KEY_LSApplicationCategoryType = "";
				INFOPLIST_KEY_UIApplicationSupportsIndirectInputEvents = YES;
				INFOPLIST_KEY_UILaunchStoryboardName = LaunchScreen.storyboard;
				INFOPLIST_KEY_UISupportedInterfaceOrientations_iPad = "UIInterfaceOrientationPortrait UIInterfaceOrientationPortraitUpsideDown UIInterfaceOrientationLandscapeLeft UIInterfaceOrientationLandscapeRight";
				INFOPLIST_KEY_UISupportedInterfaceOrientations_iPhone = "UIInterfaceOrientationPortrait UIInterfaceOrientationLandscapeLeft UIInterfaceOrientationLandscapeRight";
				LD_RUNPATH_SEARCH_PATHS = (
					"$(inherited)",
					"@executable_path/Frameworks",
				);
				MARKETING_VERSION = 1.0;
				PRODUCT_BUNDLE_IDENTIFIER = shpeklord.AutoDocTest;
				PRODUCT_NAME = "$(TARGET_NAME)";
				SWIFT_EMIT_LOC_STRINGS = YES;
				SWIFT_VERSION = 5.0;
				TARGETED_DEVICE_FAMILY = "1,2";
			};
			name = Release;
		};
		72F389412B94DAD8009E8B75 /* Debug */ = {
			isa = XCBuildConfiguration;
			buildSettings = {
				ALWAYS_EMBED_SWIFT_STANDARD_LIBRARIES = YES;
				BUNDLE_LOADER = "$(TEST_HOST)";
				CODE_SIGN_STYLE = Automatic;
				CURRENT_PROJECT_VERSION = 1;
				DEVELOPMENT_TEAM = P99KL2FGYB;
				GENERATE_INFOPLIST_FILE = YES;
				IPHONEOS_DEPLOYMENT_TARGET = 17.2;
				MARKETING_VERSION = 1.0;
				PRODUCT_BUNDLE_IDENTIFIER = shpeklord.AutoDocTestTests;
				PRODUCT_NAME = "$(TARGET_NAME)";
				SWIFT_EMIT_LOC_STRINGS = NO;
				SWIFT_VERSION = 5.0;
				TARGETED_DEVICE_FAMILY = "1,2";
				TEST_HOST = "$(BUILT_PRODUCTS_DIR)/AutoDocTest.app/$(BUNDLE_EXECUTABLE_FOLDER_PATH)/AutoDocTest";
			};
			name = Debug;
		};
		72F389422B94DAD8009E8B75 /* Release */ = {
			isa = XCBuildConfiguration;
			buildSettings = {
				ALWAYS_EMBED_SWIFT_STANDARD_LIBRARIES = YES;
				BUNDLE_LOADER = "$(TEST_HOST)";
				CODE_SIGN_STYLE = Automatic;
				CURRENT_PROJECT_VERSION = 1;
				DEVELOPMENT_TEAM = P99KL2FGYB;
				GENERATE_INFOPLIST_FILE = YES;
				IPHONEOS_DEPLOYMENT_TARGET = 17.2;
				MARKETING_VERSION = 1.0;
				PRODUCT_BUNDLE_IDENTIFIER = shpeklord.AutoDocTestTests;
				PRODUCT_NAME = "$(TARGET_NAME)";
				SWIFT_EMIT_LOC_STRINGS = NO;
				SWIFT_VERSION = 5.0;
				TARGETED_DEVICE_FAMILY = "1,2";
				TEST_HOST = "$(BUILT_PRODUCTS_DIR)/AutoDocTest.app/$(BUNDLE_EXECUTABLE_FOLDER_PATH)/AutoDocTest";
			};
			name = Release;
		};
		72F389442B94DAD8009E8B75 /* Debug */ = {
			isa = XCBuildConfiguration;
			buildSettings = {
				ALWAYS_EMBED_SWIFT_STANDARD_LIBRARIES = YES;
				CODE_SIGN_STYLE = Automatic;
				CURRENT_PROJECT_VERSION = 1;
				DEVELOPMENT_TEAM = P99KL2FGYB;
				GENERATE_INFOPLIST_FILE = YES;
				MARKETING_VERSION = 1.0;
				PRODUCT_BUNDLE_IDENTIFIER = shpeklord.AutoDocTestUITests;
				PRODUCT_NAME = "$(TARGET_NAME)";
				SWIFT_EMIT_LOC_STRINGS = NO;
				SWIFT_VERSION = 5.0;
				TARGETED_DEVICE_FAMILY = "1,2";
				TEST_TARGET_NAME = AutoDocTest;
			};
			name = Debug;
		};
		72F389452B94DAD8009E8B75 /* Release */ = {
			isa = XCBuildConfiguration;
			buildSettings = {
				ALWAYS_EMBED_SWIFT_STANDARD_LIBRARIES = YES;
				CODE_SIGN_STYLE = Automatic;
				CURRENT_PROJECT_VERSION = 1;
				DEVELOPMENT_TEAM = P99KL2FGYB;
				GENERATE_INFOPLIST_FILE = YES;
				MARKETING_VERSION = 1.0;
				PRODUCT_BUNDLE_IDENTIFIER = shpeklord.AutoDocTestUITests;
				PRODUCT_NAME = "$(TARGET_NAME)";
				SWIFT_EMIT_LOC_STRINGS = NO;
				SWIFT_VERSION = 5.0;
				TARGETED_DEVICE_FAMILY = "1,2";
				TEST_TARGET_NAME = AutoDocTest;
			};
			name = Release;
		};
/* End XCBuildConfiguration section */

/* Begin XCConfigurationList section */
		72F3890E2B94DAD5009E8B75 /* Build configuration list for PBXProject "AutoDocTest" */ = {
			isa = XCConfigurationList;
			buildConfigurations = (
				72F3893B2B94DAD8009E8B75 /* Debug */,
				72F3893C2B94DAD8009E8B75 /* Release */,
			);
			defaultConfigurationIsVisible = 0;
			defaultConfigurationName = Release;
		};
		72F3893D2B94DAD8009E8B75 /* Build configuration list for PBXNativeTarget "AutoDocTest" */ = {
			isa = XCConfigurationList;
			buildConfigurations = (
				72F3893E2B94DAD8009E8B75 /* Debug */,
				72F3893F2B94DAD8009E8B75 /* Release */,
			);
			defaultConfigurationIsVisible = 0;
			defaultConfigurationName = Release;
		};
		72F389402B94DAD8009E8B75 /* Build configuration list for PBXNativeTarget "AutoDocTestTests" */ = {
			isa = XCConfigurationList;
			buildConfigurations = (
				72F389412B94DAD8009E8B75 /* Debug */,
				72F389422B94DAD8009E8B75 /* Release */,
			);
			defaultConfigurationIsVisible = 0;
			defaultConfigurationName = Release;
		};
		72F389432B94DAD8009E8B75 /* Build configuration list for PBXNativeTarget "AutoDocTestUITests" */ = {
			isa = XCConfigurationList;
			buildConfigurations = (
				72F389442B94DAD8009E8B75 /* Debug */,
				72F389452B94DAD8009E8B75 /* Release */,
			);
			defaultConfigurationIsVisible = 0;
			defaultConfigurationName = Release;
		};
/* End XCConfigurationList section */
	};
	rootObject = 72F3890B2B94DAD5009E8B75 /* Project object */;
}
